
Microsoft Visual Studio Solution File, Format Version 12.00
# Visual Studio Version 17
VisualStudioVersion = 17.0.31903.59
MinimumVisualStudioVersion = 10.0.40219.1
Project("{FAE04EC0-301F-11D3-BF4B-00C04F79EFBC}") = "OOPTestApp", "OOPTestApp\OOPTestApp.csproj", "{0C43379F-63EE-4EE6-AC29-E608F8E86AE2}"
EndProject
Project("{FAE04EC0-301F-11D3-BF4B-00C04F79EFBC}") = "PolymorphismApp", "PolymorphismApp\PolymorphismApp.csproj", "{299046AA-4823-4B35-8C05-DA3A7B3FA664}"
EndProject
Project("{FAE04EC0-301F-11D3-BF4B-00C04F79EFBC}") = "AbstractInterfaceApp", "AbstractInterfaceApp\AbstractInterfaceApp.csproj", "{4AC7D8E1-BD6C-4CD8-AB46-4BD4B96220EC}"
EndProject
Project("{FAE04EC0-301F-11D3-BF4B-00C04F79EFBC}") = "SingeltonDemoApp", "SingeltonDemoApp\SingeltonDemoApp.csproj", "{84229401-B67A-4027-9E50-BE6052C8D792}"
EndProject
Global
	GlobalSection(SolutionConfigurationPlatforms) = preSolution
		Debug|Any CPU = Debug|Any CPU
		Debug|x64 = Debug|x64
		Debug|x86 = Debug|x86
		Release|Any CPU = Release|Any CPU
		Release|x64 = Release|x64
		Release|x86 = Release|x86
	EndGlobalSection
	GlobalSection(ProjectConfigurationPlatforms) = postSolution
		{0C43379F-63EE-4EE6-AC29-E608F8E86AE2}.Debug|Any CPU.ActiveCfg = Debug|Any CPU
		{0C43379F-63EE-4EE6-AC29-E608F8E86AE2}.Debug|Any CPU.Build.0 = Debug|Any CPU
		{0C43379F-63EE-4EE6-AC29-E608F8E86AE2}.Debug|x64.ActiveCfg = Debug|Any CPU
		{0C43379F-63EE-4EE6-AC29-E608F8E86AE2}.Debug|x64.Build.0 = Debug|Any CPU
		{0C43379F-63EE-4EE6-AC29-E608F8E86AE2}.Debug|x86.ActiveCfg = Debug|Any CPU
		{0C43379F-63EE-4EE6-AC29-E608F8E86AE2}.Debug|x86.Build.0 = Debug|Any CPU
		{0C43379F-63EE-4EE6-AC29-E608F8E86AE2}.Release|Any CPU.ActiveCfg = Release|Any CPU
		{0C43379F-63EE-4EE6-AC29-E608F8E86AE2}.Release|Any CPU.Build.0 = Release|Any CPU
		{0C43379F-63EE-4EE6-AC29-E608F8E86AE2}.Release|x64.ActiveCfg = Release|Any CPU
		{0C43379F-63EE-4EE6-AC29-E608F8E86AE2}.Release|x64.Build.0 = Release|Any CPU
		{0C43379F-63EE-4EE6-AC29-E608F8E86AE2}.Release|x86.ActiveCfg = Release|Any CPU
		{0C43379F-63EE-4EE6-AC29-E608F8E86AE2}.Release|x86.Build.0 = Release|Any CPU
		{299046AA-4823-4B35-8C05-DA3A7B3FA664}.Debug|Any CPU.ActiveCfg = Debug|Any CPU
		{299046AA-4823-4B35-8C05-DA3A7B3FA664}.Debug|Any CPU.Build.0 = Debug|Any CPU
		{299046AA-4823-4B35-8C05-DA3A7B3FA664}.Debug|x64.ActiveCfg = Debug|Any CPU
		{299046AA-4823-4B35-8C05-DA3A7B3FA664}.Debug|x64.Build.0 = Debug|Any CPU
		{299046AA-4823-4B35-8C05-DA3A7B3FA664}.Debug|x86.ActiveCfg = Debug|Any CPU
		{299046AA-4823-4B35-8C05-DA3A7B3FA664}.Debug|x86.Build.0 = Debug|Any CPU
		{299046AA-4823-4B35-8C05-DA3A7B3FA664}.Release|Any CPU.ActiveCfg = Release|Any CPU
		{299046AA-4823-4B35-8C05-DA3A7B3FA664}.Release|Any CPU.Build.0 = Release|Any CPU
		{299046AA-4823-4B35-8C05-DA3A7B3FA664}.Release|x64.ActiveCfg = Release|Any CPU
		{299046AA-4823-4B35-8C05-DA3A7B3FA664}.Release|x64.Build.0 = Release|Any CPU
		{299046AA-4823-4B35-8C05-DA3A7B3FA664}.Release|x86.ActiveCfg = Release|Any CPU
		{299046AA-4823-4B35-8C05-DA3A7B3FA664}.Release|x86.Build.0 = Release|Any CPU
		{4AC7D8E1-BD6C-4CD8-AB46-4BD4B96220EC}.Debug|Any CPU.ActiveCfg = Debug|Any CPU
		{4AC7D8E1-BD6C-4CD8-AB46-4BD4B96220EC}.Debug|Any CPU.Build.0 = Debug|Any CPU
		{4AC7D8E1-BD6C-4CD8-AB46-4BD4B96220EC}.Debug|x64.ActiveCfg = Debug|Any CPU
		{4AC7D8E1-BD6C-4CD8-AB46-4BD4B96220EC}.Debug|x64.Build.0 = Debug|Any CPU
		{4AC7D8E1-BD6C-4CD8-AB46-4BD4B96220EC}.Debug|x86.ActiveCfg = Debug|Any CPU
		{4AC7D8E1-BD6C-4CD8-AB46-4BD4B96220EC}.Debug|x86.Build.0 = Debug|Any CPU
		{4AC7D8E1-BD6C-4CD8-AB46-4BD4B96220EC}.Release|Any CPU.ActiveCfg = Release|Any CPU
		{4AC7D8E1-BD6C-4CD8-AB46-4BD4B96220EC}.Release|Any CPU.Build.0 = Release|Any CPU
		{4AC7D8E1-BD6C-4CD8-AB46-4BD4B96220EC}.Release|x64.ActiveCfg = Release|Any CPU
		{4AC7D8E1-BD6C-4CD8-AB46-4BD4B96220EC}.Release|x64.Build.0 = Release|Any CPU
		{4AC7D8E1-BD6C-4CD8-AB46-4BD4B96220EC}.Release|x86.ActiveCfg = Release|Any CPU
		{4AC7D8E1-BD6C-4CD8-AB46-4BD4B96220EC}.Release|x86.Build.0 = Release|Any CPU
		{84229401-B67A-4027-9E50-BE6052C8D792}.Debug|Any CPU.ActiveCfg = Debug|Any CPU
		{84229401-B67A-4027-9E50-BE6052C8D792}.Debug|Any CPU.Build.0 = Debug|Any CPU
		{84229401-B67A-4027-9E50-BE6052C8D792}.Debug|x64.ActiveCfg = Debug|Any CPU
		{84229401-B67A-4027-9E50-BE6052C8D792}.Debug|x64.Build.0 = Debug|Any CPU
		{84229401-B67A-4027-9E50-BE6052C8D792}.Debug|x86.ActiveCfg = Debug|Any CPU
		{84229401-B67A-4027-9E50-BE6052C8D792}.Debug|x86.Build.0 = Debug|Any CPU
		{84229401-B67A-4027-9E50-BE6052C8D792}.Release|Any CPU.ActiveCfg = Release|Any CPU
		{84229401-B67A-4027-9E50-BE6052C8D792}.Release|Any CPU.Build.0 = Release|Any CPU
		{84229401-B67A-4027-9E50-BE6052C8D792}.Release|x64.ActiveCfg = Release|Any CPU
		{84229401-B67A-4027-9E50-BE6052C8D792}.Release|x64.Build.0 = Release|Any CPU
		{84229401-B67A-4027-9E50-BE6052C8D792}.Release|x86.ActiveCfg = Release|Any CPU
		{84229401-B67A-4027-9E50-BE6052C8D792}.Release|x86.Build.0 = Release|Any CPU
	EndGlobalSection
	GlobalSection(SolutionProperties) = preSolution
		HideSolutionNode = FALSE
	EndGlobalSection
EndGlobal
